
Microsoft Visual Studio Solution File, Format Version 11.00
# Visual Studio 2010
Project("{FAE04EC0-301F-11D3-BF4B-00C04F79EFBC}") = "Oculus.Platform", "Oculus.Platform.csproj", "{b8d0f88f-2494-7d52-9241-c79b9c666223}"
EndProject
Project("{FAE04EC0-301F-11D3-BF4B-00C04F79EFBC}") = "Assembly-CSharp", "Assembly-CSharp.csproj", "{c5177cc8-438e-e438-bfda-09376bbffb03}"
EndProject
Project("{FAE04EC0-301F-11D3-BF4B-00C04F79EFBC}") = "Oculus.Spatializer", "Oculus.Spatializer.csproj", "{4642f6d9-82be-d815-890f-8bae57b50b2d}"
EndProject
Project("{FAE04EC0-301F-11D3-BF4B-00C04F79EFBC}") = "Oculus.VR", "Oculus.VR.csproj", "{118467cf-85cd-dab8-30a9-97228d77620d}"
EndProject
Project("{FAE04EC0-301F-11D3-BF4B-00C04F79EFBC}") = "Facebook.WitAI", "Facebook.WitAI.csproj", "{1c09e3fc-3829-7620-6f54-a1598b9bcd48}"
EndProject
Project("{FAE04EC0-301F-11D3-BF4B-00C04F79EFBC}") = "Assembly-CSharp-firstpass", "Assembly-CSharp-firstpass.csproj", "{2684e155-a0ae-a966-8e06-491d616472cb}"
EndProject
Project("{FAE04EC0-301F-11D3-BF4B-00C04F79EFBC}") = "Oculus.AudioManager", "Oculus.AudioManager.csproj", "{1696b88b-2d3f-1ad3-b2d8-8eecefe97788}"
EndProject
Project("{FAE04EC0-301F-11D3-BF4B-00C04F79EFBC}") = "VoiceSDK.Runtime", "VoiceSDK.Runtime.csproj", "{627f2c0f-d427-ae12-a5fa-78258f4503d9}"
EndProject
Project("{FAE04EC0-301F-11D3-BF4B-00C04F79EFBC}") = "AssistantCoreSDKRuntime", "AssistantCoreSDKRuntime.csproj", "{c75b4a63-bf38-e01e-e5f1-6c5f63698c3f}"
EndProject
Project("{FAE04EC0-301F-11D3-BF4B-00C04F79EFBC}") = "Oculus.LipSync", "Oculus.LipSync.csproj", "{47fb3da5-13e2-acc9-6ac8-c7a0b3dbae9c}"
EndProject
Project("{FAE04EC0-301F-11D3-BF4B-00C04F79EFBC}") = "Facebook.Wit.Editor", "Facebook.Wit.Editor.csproj", "{a55fd10e-3b6a-bd54-8b5d-d87770fd3c18}"
EndProject
Project("{FAE04EC0-301F-11D3-BF4B-00C04F79EFBC}") = "Oculus.Spatializer.Editor", "Oculus.Spatializer.Editor.csproj", "{3fea8d12-87ad-7ac5-161e-bad8a19f6400}"
EndProject
Project("{FAE04EC0-301F-11D3-BF4B-00C04F79EFBC}") = "Assembly-CSharp-Editor", "Assembly-CSharp-Editor.csproj", "{bc91f19d-f5d1-9542-59a5-1862f8558fc6}"
EndProject
Project("{FAE04EC0-301F-11D3-BF4B-00C04F79EFBC}") = "Oculus.VR.Editor", "Oculus.VR.Editor.csproj", "{b1f8c294-b98f-810f-e2f1-f256ff4d4f3c}"
EndProject
Project("{FAE04EC0-301F-11D3-BF4B-00C04F79EFBC}") = "VoiceSDK.Editor", "VoiceSDK.Editor.csproj", "{cb743609-6391-5675-98cb-e4e8059c059a}"
EndProject
Project("{FAE04EC0-301F-11D3-BF4B-00C04F79EFBC}") = "Oculus.Platform.Editor", "Oculus.Platform.Editor.csproj", "{38c82545-9ddf-cd57-cb04-8933ac4e1dd8}"
EndProject
Project("{FAE04EC0-301F-11D3-BF4B-00C04F79EFBC}") = "Oculus.AudioManager.Audio.Editor", "Oculus.AudioManager.Audio.Editor.csproj", "{557587d3-14a9-0fb6-f5c4-5dc77a71cc48}"
EndProject
Project("{FAE04EC0-301F-11D3-BF4B-00C04F79EFBC}") = "Oculus.VR.Scripts.Editor", "Oculus.VR.Scripts.Editor.csproj", "{f4f675f3-3045-c5b3-3b0f-558e632b34e3}"
EndProject
Project("{FAE04EC0-301F-11D3-BF4B-00C04F79EFBC}") = "Oculus.LipSync.Editor", "Oculus.LipSync.Editor.csproj", "{8093e97c-9e34-e3bc-34ac-ddd1f12aa91e}"
EndProject
Project("{FAE04EC0-301F-11D3-BF4B-00C04F79EFBC}") = "AssistantCoreSDKEditor", "AssistantCoreSDKEditor.csproj", "{1fd59958-4aa2-175e-7ba7-29ea174bc3d5}"
EndProject
Project("{FAE04EC0-301F-11D3-BF4B-00C04F79EFBC}") = "Oculus.AudioManager.Utils.Editor", "Oculus.AudioManager.Utils.Editor.csproj", "{5bfdd5a0-704c-2e4b-3838-d5f583052892}"
EndProject
Global
	GlobalSection(SolutionConfigurationPlatforms) = preSolution
		Debug|Any CPU = Debug|Any CPU
	EndGlobalSection
	GlobalSection(ProjectConfigurationPlatforms) = postSolution
		{b8d0f88f-2494-7d52-9241-c79b9c666223}.Debug|Any CPU.ActiveCfg = Debug|Any CPU
		{b8d0f88f-2494-7d52-9241-c79b9c666223}.Debug|Any CPU.Build.0 = Debug|Any CPU
		{c5177cc8-438e-e438-bfda-09376bbffb03}.Debug|Any CPU.ActiveCfg = Debug|Any CPU
		{c5177cc8-438e-e438-bfda-09376bbffb03}.Debug|Any CPU.Build.0 = Debug|Any CPU
		{4642f6d9-82be-d815-890f-8bae57b50b2d}.Debug|Any CPU.ActiveCfg = Debug|Any CPU
		{4642f6d9-82be-d815-890f-8bae57b50b2d}.Debug|Any CPU.Build.0 = Debug|Any CPU
		{118467cf-85cd-dab8-30a9-97228d77620d}.Debug|Any CPU.ActiveCfg = Debug|Any CPU
		{118467cf-85cd-dab8-30a9-97228d77620d}.Debug|Any CPU.Build.0 = Debug|Any CPU
		{1c09e3fc-3829-7620-6f54-a1598b9bcd48}.Debug|Any CPU.ActiveCfg = Debug|Any CPU
		{1c09e3fc-3829-7620-6f54-a1598b9bcd48}.Debug|Any CPU.Build.0 = Debug|Any CPU
		{2684e155-a0ae-a966-8e06-491d616472cb}.Debug|Any CPU.ActiveCfg = Debug|Any CPU
		{2684e155-a0ae-a966-8e06-491d616472cb}.Debug|Any CPU.Build.0 = Debug|Any CPU
		{1696b88b-2d3f-1ad3-b2d8-8eecefe97788}.Debug|Any CPU.ActiveCfg = Debug|Any CPU
		{1696b88b-2d3f-1ad3-b2d8-8eecefe97788}.Debug|Any CPU.Build.0 = Debug|Any CPU
		{627f2c0f-d427-ae12-a5fa-78258f4503d9}.Debug|Any CPU.ActiveCfg = Debug|Any CPU
		{627f2c0f-d427-ae12-a5fa-78258f4503d9}.Debug|Any CPU.Build.0 = Debug|Any CPU
		{c75b4a63-bf38-e01e-e5f1-6c5f63698c3f}.Debug|Any CPU.ActiveCfg = Debug|Any CPU
		{c75b4a63-bf38-e01e-e5f1-6c5f63698c3f}.Debug|Any CPU.Build.0 = Debug|Any CPU
		{47fb3da5-13e2-acc9-6ac8-c7a0b3dbae9c}.Debug|Any CPU.ActiveCfg = Debug|Any CPU
		{47fb3da5-13e2-acc9-6ac8-c7a0b3dbae9c}.Debug|Any CPU.Build.0 = Debug|Any CPU
		{a55fd10e-3b6a-bd54-8b5d-d87770fd3c18}.Debug|Any CPU.ActiveCfg = Debug|Any CPU
		{a55fd10e-3b6a-bd54-8b5d-d87770fd3c18}.Debug|Any CPU.Build.0 = Debug|Any CPU
		{3fea8d12-87ad-7ac5-161e-bad8a19f6400}.Debug|Any CPU.ActiveCfg = Debug|Any CPU
		{3fea8d12-87ad-7ac5-161e-bad8a19f6400}.Debug|Any CPU.Build.0 = Debug|Any CPU
		{bc91f19d-f5d1-9542-59a5-1862f8558fc6}.Debug|Any CPU.ActiveCfg = Debug|Any CPU
		{bc91f19d-f5d1-9542-59a5-1862f8558fc6}.Debug|Any CPU.Build.0 = Debug|Any CPU
		{b1f8c294-b98f-810f-e2f1-f256ff4d4f3c}.Debug|Any CPU.ActiveCfg = Debug|Any CPU
		{b1f8c294-b98f-810f-e2f1-f256ff4d4f3c}.Debug|Any CPU.Build.0 = Debug|Any CPU
		{cb743609-6391-5675-98cb-e4e8059c059a}.Debug|Any CPU.ActiveCfg = Debug|Any CPU
		{cb743609-6391-5675-98cb-e4e8059c059a}.Debug|Any CPU.Build.0 = Debug|Any CPU
		{38c82545-9ddf-cd57-cb04-8933ac4e1dd8}.Debug|Any CPU.ActiveCfg = Debug|Any CPU
		{38c82545-9ddf-cd57-cb04-8933ac4e1dd8}.Debug|Any CPU.Build.0 = Debug|Any CPU
		{557587d3-14a9-0fb6-f5c4-5dc77a71cc48}.Debug|Any CPU.ActiveCfg = Debug|Any CPU
		{557587d3-14a9-0fb6-f5c4-5dc77a71cc48}.Debug|Any CPU.Build.0 = Debug|Any CPU
		{f4f675f3-3045-c5b3-3b0f-558e632b34e3}.Debug|Any CPU.ActiveCfg = Debug|Any CPU
		{f4f675f3-3045-c5b3-3b0f-558e632b34e3}.Debug|Any CPU.Build.0 = Debug|Any CPU
		{8093e97c-9e34-e3bc-34ac-ddd1f12aa91e}.Debug|Any CPU.ActiveCfg = Debug|Any CPU
		{8093e97c-9e34-e3bc-34ac-ddd1f12aa91e}.Debug|Any CPU.Build.0 = Debug|Any CPU
		{1fd59958-4aa2-175e-7ba7-29ea174bc3d5}.Debug|Any CPU.ActiveCfg = Debug|Any CPU
		{1fd59958-4aa2-175e-7ba7-29ea174bc3d5}.Debug|Any CPU.Build.0 = Debug|Any CPU
		{5bfdd5a0-704c-2e4b-3838-d5f583052892}.Debug|Any CPU.ActiveCfg = Debug|Any CPU
		{5bfdd5a0-704c-2e4b-3838-d5f583052892}.Debug|Any CPU.Build.0 = Debug|Any CPU
	EndGlobalSection
	GlobalSection(SolutionProperties) = preSolution
		HideSolutionNode = FALSE
	EndGlobalSection
EndGlobal
